
Microsoft Visual Studio Solution File, Format Version 12.00
# Visual Studio Version 17
VisualStudioVersion = 17.14.36408.4 d17.14
MinimumVisualStudioVersion = 10.0.40219.1
Project("{FAE04EC0-301F-11D3-BF4B-00C04F79EFBC}") = "QuanLyTruongHocV1", "QuanLyTruongHocV1.csproj", "{A8BB144D-BD99-4AD7-874C-12B0EE34C330}"
EndProject
Global
	GlobalSection(SolutionConfigurationPlatforms) = preSolution
		Debug|Any CPU = Debug|Any CPU
		Release|Any CPU = Release|Any CPU
	EndGlobalSection
	GlobalSection(ProjectConfigurationPlatforms) = postSolution
		{A8BB144D-BD99-4AD7-874C-12B0EE34C330}.Debug|Any CPU.ActiveCfg = Debug|Any CPU
		{A8BB144D-BD99-4AD7-874C-12B0EE34C330}.Debug|Any CPU.Build.0 = Debug|Any CPU
		{A8BB144D-BD99-4AD7-874C-12B0EE34C330}.Release|Any CPU.ActiveCfg = Release|Any CPU
		{A8BB144D-BD99-4AD7-874C-12B0EE34C330}.Release|Any CPU.Build.0 = Release|Any CPU
	EndGlobalSection
	GlobalSection(SolutionProperties) = preSolution
		HideSolutionNode = FALSE
	EndGlobalSection
	GlobalSection(ExtensibilityGlobals) = postSolution
		SolutionGuid = {DC8982E2-AF92-4503-B38B-C45E940772E7}
	EndGlobalSection
EndGlobal
